// !$*UTF8*$!
{
	archiveVersion = 1;
	classes = {
	};
	objectVersion = 46;
	objects = {

/* Begin PBXBuildFile section */
		F02A9ECC18F1FA15008145C2 /* Cocoa.framework in Frameworks */ = {isa = PBXBuildFile; fileRef = F02A9ECB18F1FA15008145C2 /* Cocoa.framework */; };
		F02A9ED618F1FA15008145C2 /* InfoPlist.strings in Resources */ = {isa = PBXBuildFile; fileRef = F02A9ED418F1FA15008145C2 /* InfoPlist.strings */; };
		F02A9F0218F1FAC3008145C2 /* main.cpp in Sources */ = {isa = PBXBuildFile; fileRef = F02A9EFF18F1FAC3008145C2 /* main.cpp */; };
		F02A9F0618F1FB15008145C2 /* SDL2_image.framework in Frameworks */ = {isa = PBXBuildFile; fileRef = F02A9F0418F1FB15008145C2 /* SDL2_image.framework */; };
		F02A9F0718F1FB15008145C2 /* SDL2.framework in Frameworks */ = {isa = PBXBuildFile; fileRef = F02A9F0518F1FB15008145C2 /* SDL2.framework */; };
		F02A9F0918F1FB3F008145C2 /* SDL2_image.framework in Copy Frameworks */ = {isa = PBXBuildFile; fileRef = F02A9F0418F1FB15008145C2 /* SDL2_image.framework */; };
		F02A9F0A18F1FB3F008145C2 /* SDL2.framework in Copy Frameworks */ = {isa = PBXBuildFile; fileRef = F02A9F0518F1FB15008145C2 /* SDL2.framework */; };
		F02A9F0C18F1FCEE008145C2 /* BackGround.jpg in Resources */ = {isa = PBXBuildFile; fileRef = F02A9F0B18F1FCEE008145C2 /* BackGround.jpg */; };
		F02A9F1618F1FF65008145C2 /* main.cpp in Sources */ = {isa = PBXBuildFile; fileRef = F02A9F1518F1FF65008145C2 /* main.cpp */; };
		F02A9F4C18F327F1008145C2 /* libGameCore.a in Frameworks */ = {isa = PBXBuildFile; fileRef = F02A9F3E18F324C1008145C2 /* libGameCore.a */; };
		F02A9F6018F3507C008145C2 /* libGoogleMock.a in Frameworks */ = {isa = PBXBuildFile; fileRef = F02A9F5B18F35056008145C2 /* libGoogleMock.a */; };
		F02A9F6C18F45525008145C2 /* GameRunner.cpp in Sources */ = {isa = PBXBuildFile; fileRef = F02A9F6A18F45525008145C2 /* GameRunner.cpp */; };
		F02A9F6D18F45525008145C2 /* GameRunner.hpp in Headers */ = {isa = PBXBuildFile; fileRef = F02A9F6B18F45525008145C2 /* GameRunner.hpp */; };
		F02A9F7218F458DE008145C2 /* libGameRunner.a in Frameworks */ = {isa = PBXBuildFile; fileRef = F02A9F6518F454C7008145C2 /* libGameRunner.a */; };
		F057A7B218F5C03800636C2E /* Selected.png in Resources */ = {isa = PBXBuildFile; fileRef = F057A7B118F5C03800636C2E /* Selected.png */; };
		F057A7C118F5CD1300636C2E /* BoardView.hpp in Headers */ = {isa = PBXBuildFile; fileRef = F057A7B718F5CD1300636C2E /* BoardView.hpp */; };
		F057A7C218F5CD1300636C2E /* EventDispatcher.hpp in Headers */ = {isa = PBXBuildFile; fileRef = F057A7B818F5CD1300636C2E /* EventDispatcher.hpp */; };
		F057A7C318F5CD1300636C2E /* FrameUpdateListener.hpp in Headers */ = {isa = PBXBuildFile; fileRef = F057A7B918F5CD1300636C2E /* FrameUpdateListener.hpp */; };
		F057A7C418F5CD1300636C2E /* MouseEventListener.hpp in Headers */ = {isa = PBXBuildFile; fileRef = F057A7BA18F5CD1300636C2E /* MouseEventListener.hpp */; };
		F057A7C518F5CD1300636C2E /* MouseItemSwapper.cpp in Sources */ = {isa = PBXBuildFile; fileRef = F057A7BB18F5CD1300636C2E /* MouseItemSwapper.cpp */; };
		F057A7C618F5CD1300636C2E /* MouseItemSwapper.cpp in Sources */ = {isa = PBXBuildFile; fileRef = F057A7BB18F5CD1300636C2E /* MouseItemSwapper.cpp */; };
		F057A7C718F5CD1300636C2E /* MouseItemSwapper.hpp in Headers */ = {isa = PBXBuildFile; fileRef = F057A7BC18F5CD1300636C2E /* MouseItemSwapper.hpp */; };
		F057A7C818F5CD1300636C2E /* Position.hpp in Headers */ = {isa = PBXBuildFile; fileRef = F057A7BD18F5CD1300636C2E /* Position.hpp */; };
		F057A7C918F5CD1300636C2E /* Sprite.hpp in Headers */ = {isa = PBXBuildFile; fileRef = F057A7BE18F5CD1300636C2E /* Sprite.hpp */; };
		F057A7CA18F5CD1300636C2E /* StaticBoardView.cpp in Sources */ = {isa = PBXBuildFile; fileRef = F057A7BF18F5CD1300636C2E /* StaticBoardView.cpp */; };
		F057A7CB18F5CD1300636C2E /* StaticBoardView.cpp in Sources */ = {isa = PBXBuildFile; fileRef = F057A7BF18F5CD1300636C2E /* StaticBoardView.cpp */; };
		F057A7CC18F5CD1300636C2E /* StaticBoardView.hpp in Headers */ = {isa = PBXBuildFile; fileRef = F057A7C018F5CD1300636C2E /* StaticBoardView.hpp */; };
		F057A7DE18F5CFC000636C2E /* Board.hpp in Headers */ = {isa = PBXBuildFile; fileRef = F057A7D318F5CFC000636C2E /* Board.hpp */; };
		F057A7DF18F5CFC000636C2E /* Game.cpp in Sources */ = {isa = PBXBuildFile; fileRef = F057A7D418F5CFC000636C2E /* Game.cpp */; };
		F057A7E018F5CFC000636C2E /* Game.hpp in Headers */ = {isa = PBXBuildFile; fileRef = F057A7D518F5CFC000636C2E /* Game.hpp */; };
		F057A7E118F5CFC000636C2E /* GameFactory.cpp in Sources */ = {isa = PBXBuildFile; fileRef = F057A7D618F5CFC000636C2E /* GameFactory.cpp */; };
		F057A7E218F5CFC000636C2E /* GameFactory.hpp in Headers */ = {isa = PBXBuildFile; fileRef = F057A7D718F5CFC000636C2E /* GameFactory.hpp */; };
		F057A7E318F5CFC000636C2E /* GameLogic.hpp in Headers */ = {isa = PBXBuildFile; fileRef = F057A7D818F5CFC000636C2E /* GameLogic.hpp */; };
		F057A7E418F5CFC000636C2E /* GameObserver.hpp in Headers */ = {isa = PBXBuildFile; fileRef = F057A7D918F5CFC000636C2E /* GameObserver.hpp */; };
		F057A7E518F5CFC000636C2E /* ItemGenerator.hpp in Headers */ = {isa = PBXBuildFile; fileRef = F057A7DA18F5CFC000636C2E /* ItemGenerator.hpp */; };
		F057A7E618F5CFC000636C2E /* ItemId.hpp in Headers */ = {isa = PBXBuildFile; fileRef = F057A7DB18F5CFC000636C2E /* ItemId.hpp */; };
		F057A7E718F5CFC000636C2E /* Location.hpp in Headers */ = {isa = PBXBuildFile; fileRef = F057A7DC18F5CFC000636C2E /* Location.hpp */; };
		F057A7E818F5CFC000636C2E /* StdItemGenerator.hpp in Headers */ = {isa = PBXBuildFile; fileRef = F057A7DD18F5CFC000636C2E /* StdItemGenerator.hpp */; };
		F057A7F218F5D1DF00636C2E /* gmock.h in Headers */ = {isa = PBXBuildFile; fileRef = F057A7ED18F5D1DF00636C2E /* gmock.h */; };
		F057A7F318F5D1DF00636C2E /* gtest.h in Headers */ = {isa = PBXBuildFile; fileRef = F057A7EF18F5D1DF00636C2E /* gtest.h */; };
		F057A7F418F5D1DF00636C2E /* gmock-gtest-all.cc in Sources */ = {isa = PBXBuildFile; fileRef = F057A7F118F5D1DF00636C2E /* gmock-gtest-all.cc */; };
		F057A80318F5D38A00636C2E /* BoardTest.cpp in Sources */ = {isa = PBXBuildFile; fileRef = F057A7F618F5D38A00636C2E /* BoardTest.cpp */; };
		F057A80418F5D38A00636C2E /* GameTest.cpp in Sources */ = {isa = PBXBuildFile; fileRef = F057A7F718F5D38A00636C2E /* GameTest.cpp */; };
		F057A80518F5D38A00636C2E /* GameRunnerTest.cpp in Sources */ = {isa = PBXBuildFile; fileRef = F057A7FC18F5D38A00636C2E /* GameRunnerTest.cpp */; };
		F057A80618F5D38A00636C2E /* MouseItemSwapperTest.cpp in Sources */ = {isa = PBXBuildFile; fileRef = F057A80118F5D38A00636C2E /* MouseItemSwapperTest.cpp */; };
		F057A80718F5D38A00636C2E /* StaticBoardViewTest.cpp in Sources */ = {isa = PBXBuildFile; fileRef = F057A80218F5D38A00636C2E /* StaticBoardViewTest.cpp */; };
		F057A81318F5D4BC00636C2E /* ResourcePath.mm in Sources */ = {isa = PBXBuildFile; fileRef = F057A80A18F5D4BC00636C2E /* ResourcePath.mm */; };
		F057A81418F5D4BC00636C2E /* SDLEventDispatcher.cpp in Sources */ = {isa = PBXBuildFile; fileRef = F057A80B18F5D4BC00636C2E /* SDLEventDispatcher.cpp */; };
		F057A81518F5D4BC00636C2E /* SDLGameUI.cpp in Sources */ = {isa = PBXBuildFile; fileRef = F057A80D18F5D4BC00636C2E /* SDLGameUI.cpp */; };
		F057A81618F5D4BC00636C2E /* SDLRendererFactory.cpp in Sources */ = {isa = PBXBuildFile; fileRef = F057A80F18F5D4BC00636C2E /* SDLRendererFactory.cpp */; };
		F057A81718F5D4BC00636C2E /* SDLSprite.cpp in Sources */ = {isa = PBXBuildFile; fileRef = F057A81118F5D4BC00636C2E /* SDLSprite.cpp */; };
		F0B4497118F47791006C6405 /* libGameCore.a in Frameworks */ = {isa = PBXBuildFile; fileRef = F02A9F3E18F324C1008145C2 /* libGameCore.a */; };
		F0B4497218F47796006C6405 /* libGameRunner.a in Frameworks */ = {isa = PBXBuildFile; fileRef = F02A9F6518F454C7008145C2 /* libGameRunner.a */; };
		F0B4497C18F48934006C6405 /* libGameUI.a in Frameworks */ = {isa = PBXBuildFile; fileRef = F02A9F7718F45DFE008145C2 /* libGameUI.a */; };
		F0B4498A18F4A3BD006C6405 /* GameRunnerFactory.cpp in Sources */ = {isa = PBXBuildFile; fileRef = F0B4498818F4A3BD006C6405 /* GameRunnerFactory.cpp */; };
		F0B4499718F4ABC0006C6405 /* Blue.png in Resources */ = {isa = PBXBuildFile; fileRef = F0B4499218F4ABC0006C6405 /* Blue.png */; };
		F0B4499818F4ABC0006C6405 /* Green.png in Resources */ = {isa = PBXBuildFile; fileRef = F0B4499318F4ABC0006C6405 /* Green.png */; };
		F0B4499918F4ABC0006C6405 /* Purple.png in Resources */ = {isa = PBXBuildFile; fileRef = F0B4499418F4ABC0006C6405 /* Purple.png */; };
		F0B4499A18F4ABC0006C6405 /* Red.png in Resources */ = {isa = PBXBuildFile; fileRef = F0B4499518F4ABC0006C6405 /* Red.png */; };
		F0B4499B18F4ABC0006C6405 /* Yellow.png in Resources */ = {isa = PBXBuildFile; fileRef = F0B4499618F4ABC0006C6405 /* Yellow.png */; };
		F0B4499C18F4AE04006C6405 /* libGameUI.a in Frameworks */ = {isa = PBXBuildFile; fileRef = F02A9F7718F45DFE008145C2 /* libGameUI.a */; };
/* End PBXBuildFile section */

/* Begin PBXCopyFilesBuildPhase section */
		F02A9F0818F1FB2E008145C2 /* Copy Frameworks */ = {
			isa = PBXCopyFilesBuildPhase;
			buildActionMask = 2147483647;
			dstPath = "";
			dstSubfolderSpec = 10;
			files = (
				F02A9F0918F1FB3F008145C2 /* SDL2_image.framework in Copy Frameworks */,
				F02A9F0A18F1FB3F008145C2 /* SDL2.framework in Copy Frameworks */,
			);
			name = "Copy Frameworks";
			runOnlyForDeploymentPostprocessing = 0;
		};
		F02A9F1118F1FF65008145C2 /* CopyFiles */ = {
			isa = PBXCopyFilesBuildPhase;
			buildActionMask = 2147483647;
			dstPath = /usr/share/man/man1/;
			dstSubfolderSpec = 0;
			files = (
			);
			runOnlyForDeploymentPostprocessing = 1;
		};
/* End PBXCopyFilesBuildPhase section */

/* Begin PBXFileReference section */
		F02A9EC818F1FA15008145C2 /* Candies.app */ = {isa = PBXFileReference; explicitFileType = wrapper.application; includeInIndex = 0; path = Candies.app; sourceTree = BUILT_PRODUCTS_DIR; };
		F02A9ECB18F1FA15008145C2 /* Cocoa.framework */ = {isa = PBXFileReference; lastKnownFileType = wrapper.framework; name = Cocoa.framework; path = System/Library/Frameworks/Cocoa.framework; sourceTree = SDKROOT; };
		F02A9ED018F1FA15008145C2 /* Foundation.framework */ = {isa = PBXFileReference; lastKnownFileType = wrapper.framework; name = Foundation.framework; path = System/Library/Frameworks/Foundation.framework; sourceTree = SDKROOT; };
		F02A9ED318F1FA15008145C2 /* Candies-Info.plist */ = {isa = PBXFileReference; lastKnownFileType = text.plist.xml; path = "Candies-Info.plist"; sourceTree = "<group>"; };
		F02A9ED518F1FA15008145C2 /* en */ = {isa = PBXFileReference; lastKnownFileType = text.plist.strings; name = en; path = en.lproj/InfoPlist.strings; sourceTree = "<group>"; };
		F02A9EFF18F1FAC3008145C2 /* main.cpp */ = {isa = PBXFileReference; fileEncoding = 4; lastKnownFileType = sourcecode.cpp.cpp; path = main.cpp; sourceTree = "<group>"; };
		F02A9F0418F1FB15008145C2 /* SDL2_image.framework */ = {isa = PBXFileReference; lastKnownFileType = wrapper.framework; name = SDL2_image.framework; path = Frameworks/SDL2_image.framework; sourceTree = "<group>"; };
		F02A9F0518F1FB15008145C2 /* SDL2.framework */ = {isa = PBXFileReference; lastKnownFileType = wrapper.framework; name = SDL2.framework; path = Frameworks/SDL2.framework; sourceTree = "<group>"; };
		F02A9F0B18F1FCEE008145C2 /* BackGround.jpg */ = {isa = PBXFileReference; lastKnownFileType = image.jpeg; name = BackGround.jpg; path = Resources/BackGround.jpg; sourceTree = "<group>"; };
		F02A9F1318F1FF65008145C2 /* CandiesTest */ = {isa = PBXFileReference; explicitFileType = "compiled.mach-o.executable"; includeInIndex = 0; path = CandiesTest; sourceTree = BUILT_PRODUCTS_DIR; };
		F02A9F1518F1FF65008145C2 /* main.cpp */ = {isa = PBXFileReference; lastKnownFileType = sourcecode.cpp.cpp; path = main.cpp; sourceTree = "<group>"; };
		F02A9F3E18F324C1008145C2 /* libGameCore.a */ = {isa = PBXFileReference; explicitFileType = archive.ar; includeInIndex = 0; path = libGameCore.a; sourceTree = BUILT_PRODUCTS_DIR; };
		F02A9F5B18F35056008145C2 /* libGoogleMock.a */ = {isa = PBXFileReference; explicitFileType = archive.ar; includeInIndex = 0; path = libGoogleMock.a; sourceTree = BUILT_PRODUCTS_DIR; };
		F02A9F6518F454C7008145C2 /* libGameRunner.a */ = {isa = PBXFileReference; explicitFileType = archive.ar; includeInIndex = 0; path = libGameRunner.a; sourceTree = BUILT_PRODUCTS_DIR; };
		F02A9F6A18F45525008145C2 /* GameRunner.cpp */ = {isa = PBXFileReference; fileEncoding = 4; lastKnownFileType = sourcecode.cpp.cpp; path = GameRunner.cpp; sourceTree = "<group>"; };
		F02A9F6B18F45525008145C2 /* GameRunner.hpp */ = {isa = PBXFileReference; fileEncoding = 4; lastKnownFileType = sourcecode.cpp.h; path = GameRunner.hpp; sourceTree = "<group>"; };
		F02A9F7718F45DFE008145C2 /* libGameUI.a */ = {isa = PBXFileReference; explicitFileType = archive.ar; includeInIndex = 0; path = libGameUI.a; sourceTree = BUILT_PRODUCTS_DIR; };
		F057A7B118F5C03800636C2E /* Selected.png */ = {isa = PBXFileReference; lastKnownFileType = image.png; name = Selected.png; path = Resources/Selected.png; sourceTree = "<group>"; };
		F057A7B718F5CD1300636C2E /* BoardView.hpp */ = {isa = PBXFileReference; fileEncoding = 4; lastKnownFileType = sourcecode.cpp.h; path = BoardView.hpp; sourceTree = "<group>"; };
		F057A7B818F5CD1300636C2E /* EventDispatcher.hpp */ = {isa = PBXFileReference; fileEncoding = 4; lastKnownFileType = sourcecode.cpp.h; path = EventDispatcher.hpp; sourceTree = "<group>"; };
		F057A7B918F5CD1300636C2E /* FrameUpdateListener.hpp */ = {isa = PBXFileReference; fileEncoding = 4; lastKnownFileType = sourcecode.cpp.h; path = FrameUpdateListener.hpp; sourceTree = "<group>"; };
		F057A7BA18F5CD1300636C2E /* MouseEventListener.hpp */ = {isa = PBXFileReference; fileEncoding = 4; lastKnownFileType = sourcecode.cpp.h; path = MouseEventListener.hpp; sourceTree = "<group>"; };
		F057A7BB18F5CD1300636C2E /* MouseItemSwapper.cpp */ = {isa = PBXFileReference; fileEncoding = 4; lastKnownFileType = sourcecode.cpp.cpp; path = MouseItemSwapper.cpp; sourceTree = "<group>"; };
		F057A7BC18F5CD1300636C2E /* MouseItemSwapper.hpp */ = {isa = PBXFileReference; fileEncoding = 4; lastKnownFileType = sourcecode.cpp.h; path = MouseItemSwapper.hpp; sourceTree = "<group>"; };
		F057A7BD18F5CD1300636C2E /* Position.hpp */ = {isa = PBXFileReference; fileEncoding = 4; lastKnownFileType = sourcecode.cpp.h; path = Position.hpp; sourceTree = "<group>"; };
		F057A7BE18F5CD1300636C2E /* Sprite.hpp */ = {isa = PBXFileReference; fileEncoding = 4; lastKnownFileType = sourcecode.cpp.h; path = Sprite.hpp; sourceTree = "<group>"; };
		F057A7BF18F5CD1300636C2E /* StaticBoardView.cpp */ = {isa = PBXFileReference; fileEncoding = 4; lastKnownFileType = sourcecode.cpp.cpp; path = StaticBoardView.cpp; sourceTree = "<group>"; };
		F057A7C018F5CD1300636C2E /* StaticBoardView.hpp */ = {isa = PBXFileReference; fileEncoding = 4; lastKnownFileType = sourcecode.cpp.h; path = StaticBoardView.hpp; sourceTree = "<group>"; };
		F057A7D318F5CFC000636C2E /* Board.hpp */ = {isa = PBXFileReference; fileEncoding = 4; lastKnownFileType = sourcecode.cpp.h; path = Board.hpp; sourceTree = "<group>"; };
		F057A7D418F5CFC000636C2E /* Game.cpp */ = {isa = PBXFileReference; fileEncoding = 4; lastKnownFileType = sourcecode.cpp.cpp; path = Game.cpp; sourceTree = "<group>"; };
		F057A7D518F5CFC000636C2E /* Game.hpp */ = {isa = PBXFileReference; fileEncoding = 4; lastKnownFileType = sourcecode.cpp.h; path = Game.hpp; sourceTree = "<group>"; };
		F057A7D618F5CFC000636C2E /* GameFactory.cpp */ = {isa = PBXFileReference; fileEncoding = 4; lastKnownFileType = sourcecode.cpp.cpp; path = GameFactory.cpp; sourceTree = "<group>"; };
		F057A7D718F5CFC000636C2E /* GameFactory.hpp */ = {isa = PBXFileReference; fileEncoding = 4; lastKnownFileType = sourcecode.cpp.h; path = GameFactory.hpp; sourceTree = "<group>"; };
		F057A7D818F5CFC000636C2E /* GameLogic.hpp */ = {isa = PBXFileReference; fileEncoding = 4; lastKnownFileType = sourcecode.cpp.h; path = GameLogic.hpp; sourceTree = "<group>"; };
		F057A7D918F5CFC000636C2E /* GameObserver.hpp */ = {isa = PBXFileReference; fileEncoding = 4; lastKnownFileType = sourcecode.cpp.h; path = GameObserver.hpp; sourceTree = "<group>"; };
		F057A7DA18F5CFC000636C2E /* ItemGenerator.hpp */ = {isa = PBXFileReference; fileEncoding = 4; lastKnownFileType = sourcecode.cpp.h; path = ItemGenerator.hpp; sourceTree = "<group>"; };
		F057A7DB18F5CFC000636C2E /* ItemId.hpp */ = {isa = PBXFileReference; fileEncoding = 4; lastKnownFileType = sourcecode.cpp.h; path = ItemId.hpp; sourceTree = "<group>"; };
		F057A7DC18F5CFC000636C2E /* Location.hpp */ = {isa = PBXFileReference; fileEncoding = 4; lastKnownFileType = sourcecode.cpp.h; path = Location.hpp; sourceTree = "<group>"; };
		F057A7DD18F5CFC000636C2E /* StdItemGenerator.hpp */ = {isa = PBXFileReference; fileEncoding = 4; lastKnownFileType = sourcecode.cpp.h; path = StdItemGenerator.hpp; sourceTree = "<group>"; };
		F057A7ED18F5D1DF00636C2E /* gmock.h */ = {isa = PBXFileReference; fileEncoding = 4; lastKnownFileType = sourcecode.c.h; path = gmock.h; sourceTree = "<group>"; };
		F057A7EF18F5D1DF00636C2E /* gtest.h */ = {isa = PBXFileReference; fileEncoding = 4; lastKnownFileType = sourcecode.c.h; path = gtest.h; sourceTree = "<group>"; };
		F057A7F118F5D1DF00636C2E /* gmock-gtest-all.cc */ = {isa = PBXFileReference; fileEncoding = 4; lastKnownFileType = sourcecode.cpp.cpp; path = "gmock-gtest-all.cc"; sourceTree = "<group>"; };
		F057A7F618F5D38A00636C2E /* BoardTest.cpp */ = {isa = PBXFileReference; fileEncoding = 4; lastKnownFileType = sourcecode.cpp.cpp; path = BoardTest.cpp; sourceTree = "<group>"; };
		F057A7F718F5D38A00636C2E /* GameTest.cpp */ = {isa = PBXFileReference; fileEncoding = 4; lastKnownFileType = sourcecode.cpp.cpp; path = GameTest.cpp; sourceTree = "<group>"; };
		F057A7F818F5D38A00636C2E /* MockGameLogic.hpp */ = {isa = PBXFileReference; fileEncoding = 4; lastKnownFileType = sourcecode.cpp.h; path = MockGameLogic.hpp; sourceTree = "<group>"; };
		F057A7F918F5D38A00636C2E /* MockGameObserver.hpp */ = {isa = PBXFileReference; fileEncoding = 4; lastKnownFileType = sourcecode.cpp.h; path = MockGameObserver.hpp; sourceTree = "<group>"; };
		F057A7FA18F5D38A00636C2E /* MockItemGenerator.hpp */ = {isa = PBXFileReference; fileEncoding = 4; lastKnownFileType = sourcecode.cpp.h; path = MockItemGenerator.hpp; sourceTree = "<group>"; };
		F057A7FC18F5D38A00636C2E /* GameRunnerTest.cpp */ = {isa = PBXFileReference; fileEncoding = 4; lastKnownFileType = sourcecode.cpp.cpp; path = GameRunnerTest.cpp; sourceTree = "<group>"; };
		F057A7FE18F5D38A00636C2E /* MockBoardView.hpp */ = {isa = PBXFileReference; fileEncoding = 4; lastKnownFileType = sourcecode.cpp.h; path = MockBoardView.hpp; sourceTree = "<group>"; };
		F057A7FF18F5D38A00636C2E /* MockEventDispatcher.hpp */ = {isa = PBXFileReference; fileEncoding = 4; lastKnownFileType = sourcecode.cpp.h; path = MockEventDispatcher.hpp; sourceTree = "<group>"; };
		F057A80018F5D38A00636C2E /* MockSprite.hpp */ = {isa = PBXFileReference; fileEncoding = 4; lastKnownFileType = sourcecode.cpp.h; path = MockSprite.hpp; sourceTree = "<group>"; };
		F057A80118F5D38A00636C2E /* MouseItemSwapperTest.cpp */ = {isa = PBXFileReference; fileEncoding = 4; lastKnownFileType = sourcecode.cpp.cpp; path = MouseItemSwapperTest.cpp; sourceTree = "<group>"; };
		F057A80218F5D38A00636C2E /* StaticBoardViewTest.cpp */ = {isa = PBXFileReference; fileEncoding = 4; lastKnownFileType = sourcecode.cpp.cpp; path = StaticBoardViewTest.cpp; sourceTree = "<group>"; };
		F057A80918F5D4BC00636C2E /* ResourcePath.h */ = {isa = PBXFileReference; fileEncoding = 4; lastKnownFileType = sourcecode.c.h; path = ResourcePath.h; sourceTree = "<group>"; };
		F057A80A18F5D4BC00636C2E /* ResourcePath.mm */ = {isa = PBXFileReference; fileEncoding = 4; lastKnownFileType = sourcecode.cpp.objcpp; path = ResourcePath.mm; sourceTree = "<group>"; };
		F057A80B18F5D4BC00636C2E /* SDLEventDispatcher.cpp */ = {isa = PBXFileReference; fileEncoding = 4; lastKnownFileType = sourcecode.cpp.cpp; path = SDLEventDispatcher.cpp; sourceTree = "<group>"; };
		F057A80C18F5D4BC00636C2E /* SDLEventDispatcher.hpp */ = {isa = PBXFileReference; fileEncoding = 4; lastKnownFileType = sourcecode.cpp.h; path = SDLEventDispatcher.hpp; sourceTree = "<group>"; };
		F057A80D18F5D4BC00636C2E /* SDLGameUI.cpp */ = {isa = PBXFileReference; fileEncoding = 4; lastKnownFileType = sourcecode.cpp.cpp; path = SDLGameUI.cpp; sourceTree = "<group>"; };
		F057A80E18F5D4BC00636C2E /* SDLGameUI.hpp */ = {isa = PBXFileReference; fileEncoding = 4; lastKnownFileType = sourcecode.cpp.h; path = SDLGameUI.hpp; sourceTree = "<group>"; };
		F057A80F18F5D4BC00636C2E /* SDLRendererFactory.cpp */ = {isa = PBXFileReference; fileEncoding = 4; lastKnownFileType = sourcecode.cpp.cpp; path = SDLRendererFactory.cpp; sourceTree = "<group>"; };
		F057A81018F5D4BC00636C2E /* SDLRendererFactory.hpp */ = {isa = PBXFileReference; fileEncoding = 4; lastKnownFileType = sourcecode.cpp.h; path = SDLRendererFactory.hpp; sourceTree = "<group>"; };
		F057A81118F5D4BC00636C2E /* SDLSprite.cpp */ = {isa = PBXFileReference; fileEncoding = 4; lastKnownFileType = sourcecode.cpp.cpp; path = SDLSprite.cpp; sourceTree = "<group>"; };
		F057A81218F5D4BC00636C2E /* SDLSprite.hpp */ = {isa = PBXFileReference; fileEncoding = 4; lastKnownFileType = sourcecode.cpp.h; path = SDLSprite.hpp; sourceTree = "<group>"; };
		F0B4498818F4A3BD006C6405 /* GameRunnerFactory.cpp */ = {isa = PBXFileReference; fileEncoding = 4; lastKnownFileType = sourcecode.cpp.cpp; path = GameRunnerFactory.cpp; sourceTree = "<group>"; };
		F0B4498918F4A3BD006C6405 /* GameRunnerFactory.hpp */ = {isa = PBXFileReference; fileEncoding = 4; lastKnownFileType = sourcecode.cpp.h; path = GameRunnerFactory.hpp; sourceTree = "<group>"; };
		F0B4499218F4ABC0006C6405 /* Blue.png */ = {isa = PBXFileReference; lastKnownFileType = image.png; name = Blue.png; path = Resources/Blue.png; sourceTree = "<group>"; };
		F0B4499318F4ABC0006C6405 /* Green.png */ = {isa = PBXFileReference; lastKnownFileType = image.png; name = Green.png; path = Resources/Green.png; sourceTree = "<group>"; };
		F0B4499418F4ABC0006C6405 /* Purple.png */ = {isa = PBXFileReference; lastKnownFileType = image.png; name = Purple.png; path = Resources/Purple.png; sourceTree = "<group>"; };
		F0B4499518F4ABC0006C6405 /* Red.png */ = {isa = PBXFileReference; lastKnownFileType = image.png; name = Red.png; path = Resources/Red.png; sourceTree = "<group>"; };
		F0B4499618F4ABC0006C6405 /* Yellow.png */ = {isa = PBXFileReference; lastKnownFileType = image.png; name = Yellow.png; path = Resources/Yellow.png; sourceTree = "<group>"; };
/* End PBXFileReference section */

/* Begin PBXFrameworksBuildPhase section */
		F02A9EC518F1FA15008145C2 /* Frameworks */ = {
			isa = PBXFrameworksBuildPhase;
			buildActionMask = 2147483647;
			files = (
				F02A9F0718F1FB15008145C2 /* SDL2.framework in Frameworks */,
				F02A9ECC18F1FA15008145C2 /* Cocoa.framework in Frameworks */,
				F02A9F0618F1FB15008145C2 /* SDL2_image.framework in Frameworks */,
				F0B4497118F47791006C6405 /* libGameCore.a in Frameworks */,
				F0B4497218F47796006C6405 /* libGameRunner.a in Frameworks */,
				F0B4499C18F4AE04006C6405 /* libGameUI.a in Frameworks */,
			);
			runOnlyForDeploymentPostprocessing = 0;
		};
		F02A9F1018F1FF65008145C2 /* Frameworks */ = {
			isa = PBXFrameworksBuildPhase;
			buildActionMask = 2147483647;
			files = (
				F02A9F4C18F327F1008145C2 /* libGameCore.a in Frameworks */,
				F02A9F7218F458DE008145C2 /* libGameRunner.a in Frameworks */,
				F0B4497C18F48934006C6405 /* libGameUI.a in Frameworks */,
				F02A9F6018F3507C008145C2 /* libGoogleMock.a in Frameworks */,
			);
			runOnlyForDeploymentPostprocessing = 0;
		};
		F02A9F3B18F324C1008145C2 /* Frameworks */ = {
			isa = PBXFrameworksBuildPhase;
			buildActionMask = 2147483647;
			files = (
			);
			runOnlyForDeploymentPostprocessing = 0;
		};
		F02A9F5818F35056008145C2 /* Frameworks */ = {
			isa = PBXFrameworksBuildPhase;
			buildActionMask = 2147483647;
			files = (
			);
			runOnlyForDeploymentPostprocessing = 0;
		};
		F02A9F6218F454C7008145C2 /* Frameworks */ = {
			isa = PBXFrameworksBuildPhase;
			buildActionMask = 2147483647;
			files = (
			);
			runOnlyForDeploymentPostprocessing = 0;
		};
		F02A9F7418F45DFE008145C2 /* Frameworks */ = {
			isa = PBXFrameworksBuildPhase;
			buildActionMask = 2147483647;
			files = (
			);
			runOnlyForDeploymentPostprocessing = 0;
		};
/* End PBXFrameworksBuildPhase section */

/* Begin PBXGroup section */
		F02A9EBF18F1FA14008145C2 = {
			isa = PBXGroup;
			children = (
				F057A7D218F5CFC000636C2E /* Logic */,
				F057A7B618F5CD1300636C2E /* UI */,
				F057A80818F5D4BC00636C2E /* SDLUI */,
				F02A9F6918F45511008145C2 /* GameRunner */,
				F02A9ED118F1FA15008145C2 /* Candies */,
				F02A9F1418F1FF65008145C2 /* CandiesTest */,
				F057A7E918F5D1DF00636C2E /* Libraries */,
				F02A9ECA18F1FA15008145C2 /* Frameworks */,
				F02A9F0E18F1FD01008145C2 /* Resources */,
				F02A9EC918F1FA15008145C2 /* Products */,
			);
			sourceTree = "<group>";
		};
		F02A9EC918F1FA15008145C2 /* Products */ = {
			isa = PBXGroup;
			children = (
				F02A9EC818F1FA15008145C2 /* Candies.app */,
				F02A9F1318F1FF65008145C2 /* CandiesTest */,
				F02A9F3E18F324C1008145C2 /* libGameCore.a */,
				F02A9F5B18F35056008145C2 /* libGoogleMock.a */,
				F02A9F6518F454C7008145C2 /* libGameRunner.a */,
				F02A9F7718F45DFE008145C2 /* libGameUI.a */,
			);
			name = Products;
			sourceTree = "<group>";
		};
		F02A9ECA18F1FA15008145C2 /* Frameworks */ = {
			isa = PBXGroup;
			children = (
				F02A9ED018F1FA15008145C2 /* Foundation.framework */,
				F02A9F0418F1FB15008145C2 /* SDL2_image.framework */,
				F02A9F0518F1FB15008145C2 /* SDL2.framework */,
				F02A9ECB18F1FA15008145C2 /* Cocoa.framework */,
			);
			name = Frameworks;
			sourceTree = "<group>";
		};
		F02A9ED118F1FA15008145C2 /* Candies */ = {
			isa = PBXGroup;
			children = (
				F02A9EFF18F1FAC3008145C2 /* main.cpp */,
				F02A9ED218F1FA15008145C2 /* Supporting Files */,
				F0B4498818F4A3BD006C6405 /* GameRunnerFactory.cpp */,
				F0B4498918F4A3BD006C6405 /* GameRunnerFactory.hpp */,
			);
			path = Candies;
			sourceTree = "<group>";
		};
		F02A9ED218F1FA15008145C2 /* Supporting Files */ = {
			isa = PBXGroup;
			children = (
				F02A9ED318F1FA15008145C2 /* Candies-Info.plist */,
				F02A9ED418F1FA15008145C2 /* InfoPlist.strings */,
			);
			name = "Supporting Files";
			sourceTree = "<group>";
		};
		F02A9F0E18F1FD01008145C2 /* Resources */ = {
			isa = PBXGroup;
			children = (
				F057A7B118F5C03800636C2E /* Selected.png */,
				F0B4499218F4ABC0006C6405 /* Blue.png */,
				F0B4499318F4ABC0006C6405 /* Green.png */,
				F0B4499418F4ABC0006C6405 /* Purple.png */,
				F0B4499518F4ABC0006C6405 /* Red.png */,
				F0B4499618F4ABC0006C6405 /* Yellow.png */,
				F02A9F0B18F1FCEE008145C2 /* BackGround.jpg */,
			);
			name = Resources;
			sourceTree = "<group>";
		};
		F02A9F1418F1FF65008145C2 /* CandiesTest */ = {
			isa = PBXGroup;
			children = (
				F057A7F518F5D38A00636C2E /* Logic */,
				F057A7FB18F5D38A00636C2E /* Runner */,
				F057A7FD18F5D38A00636C2E /* UI */,
				F02A9F1518F1FF65008145C2 /* main.cpp */,
			);
			path = CandiesTest;
			sourceTree = "<group>";
		};
		F02A9F6918F45511008145C2 /* GameRunner */ = {
			isa = PBXGroup;
			children = (
				F02A9F6A18F45525008145C2 /* GameRunner.cpp */,
				F02A9F6B18F45525008145C2 /* GameRunner.hpp */,
			);
			path = GameRunner;
			sourceTree = "<group>";
		};
		F057A7B618F5CD1300636C2E /* UI */ = {
			isa = PBXGroup;
			children = (
				F057A7B718F5CD1300636C2E /* BoardView.hpp */,
				F057A7B818F5CD1300636C2E /* EventDispatcher.hpp */,
				F057A7B918F5CD1300636C2E /* FrameUpdateListener.hpp */,
				F057A7BA18F5CD1300636C2E /* MouseEventListener.hpp */,
				F057A7BB18F5CD1300636C2E /* MouseItemSwapper.cpp */,
				F057A7BC18F5CD1300636C2E /* MouseItemSwapper.hpp */,
				F057A7BD18F5CD1300636C2E /* Position.hpp */,
				F057A7BE18F5CD1300636C2E /* Sprite.hpp */,
				F057A7BF18F5CD1300636C2E /* StaticBoardView.cpp */,
				F057A7C018F5CD1300636C2E /* StaticBoardView.hpp */,
			);
			path = UI;
			sourceTree = "<group>";
		};
		F057A7D218F5CFC000636C2E /* Logic */ = {
			isa = PBXGroup;
			children = (
				F057A7D318F5CFC000636C2E /* Board.hpp */,
				F057A7D418F5CFC000636C2E /* Game.cpp */,
				F057A7D518F5CFC000636C2E /* Game.hpp */,
				F057A7D618F5CFC000636C2E /* GameFactory.cpp */,
				F057A7D718F5CFC000636C2E /* GameFactory.hpp */,
				F057A7D818F5CFC000636C2E /* GameLogic.hpp */,
				F057A7D918F5CFC000636C2E /* GameObserver.hpp */,
				F057A7DA18F5CFC000636C2E /* ItemGenerator.hpp */,
				F057A7DB18F5CFC000636C2E /* ItemId.hpp */,
				F057A7DC18F5CFC000636C2E /* Location.hpp */,
				F057A7DD18F5CFC000636C2E /* StdItemGenerator.hpp */,
			);
			path = Logic;
			sourceTree = "<group>";
		};
		F057A7E918F5D1DF00636C2E /* Libraries */ = {
			isa = PBXGroup;
			children = (
				F057A7EA18F5D1DF00636C2E /* GoogleMock */,
			);
			path = Libraries;
			sourceTree = "<group>";
		};
		F057A7EA18F5D1DF00636C2E /* GoogleMock */ = {
			isa = PBXGroup;
			children = (
				F057A7EB18F5D1DF00636C2E /* include */,
				F057A7F018F5D1DF00636C2E /* src */,
			);
			path = GoogleMock;
			sourceTree = "<group>";
		};
		F057A7EB18F5D1DF00636C2E /* include */ = {
			isa = PBXGroup;
			children = (
				F057A7EC18F5D1DF00636C2E /* gmock */,
				F057A7EE18F5D1DF00636C2E /* gtest */,
			);
			path = include;
			sourceTree = "<group>";
		};
		F057A7EC18F5D1DF00636C2E /* gmock */ = {
			isa = PBXGroup;
			children = (
				F057A7ED18F5D1DF00636C2E /* gmock.h */,
			);
			path = gmock;
			sourceTree = "<group>";
		};
		F057A7EE18F5D1DF00636C2E /* gtest */ = {
			isa = PBXGroup;
			children = (
				F057A7EF18F5D1DF00636C2E /* gtest.h */,
			);
			path = gtest;
			sourceTree = "<group>";
		};
		F057A7F018F5D1DF00636C2E /* src */ = {
			isa = PBXGroup;
			children = (
				F057A7F118F5D1DF00636C2E /* gmock-gtest-all.cc */,
			);
			path = src;
			sourceTree = "<group>";
		};
		F057A7F518F5D38A00636C2E /* Logic */ = {
			isa = PBXGroup;
			children = (
				F057A7F618F5D38A00636C2E /* BoardTest.cpp */,
				F057A7F718F5D38A00636C2E /* GameTest.cpp */,
				F057A7F818F5D38A00636C2E /* MockGameLogic.hpp */,
				F057A7F918F5D38A00636C2E /* MockGameObserver.hpp */,
				F057A7FA18F5D38A00636C2E /* MockItemGenerator.hpp */,
			);
			path = Logic;
			sourceTree = "<group>";
		};
		F057A7FB18F5D38A00636C2E /* Runner */ = {
			isa = PBXGroup;
			children = (
				F057A7FC18F5D38A00636C2E /* GameRunnerTest.cpp */,
			);
			path = Runner;
			sourceTree = "<group>";
		};
		F057A7FD18F5D38A00636C2E /* UI */ = {
			isa = PBXGroup;
			children = (
				F057A7FE18F5D38A00636C2E /* MockBoardView.hpp */,
				F057A7FF18F5D38A00636C2E /* MockEventDispatcher.hpp */,
				F057A80018F5D38A00636C2E /* MockSprite.hpp */,
				F057A80118F5D38A00636C2E /* MouseItemSwapperTest.cpp */,
				F057A80218F5D38A00636C2E /* StaticBoardViewTest.cpp */,
			);
			path = UI;
			sourceTree = "<group>";
		};
		F057A80818F5D4BC00636C2E /* SDLUI */ = {
			isa = PBXGroup;
			children = (
				F057A80918F5D4BC00636C2E /* ResourcePath.h */,
				F057A80A18F5D4BC00636C2E /* ResourcePath.mm */,
				F057A80B18F5D4BC00636C2E /* SDLEventDispatcher.cpp */,
				F057A80C18F5D4BC00636C2E /* SDLEventDispatcher.hpp */,
				F057A80D18F5D4BC00636C2E /* SDLGameUI.cpp */,
				F057A80E18F5D4BC00636C2E /* SDLGameUI.hpp */,
				F057A80F18F5D4BC00636C2E /* SDLRendererFactory.cpp */,
				F057A81018F5D4BC00636C2E /* SDLRendererFactory.hpp */,
				F057A81118F5D4BC00636C2E /* SDLSprite.cpp */,
				F057A81218F5D4BC00636C2E /* SDLSprite.hpp */,
			);
			path = SDLUI;
			sourceTree = "<group>";
		};
/* End PBXGroup section */

/* Begin PBXHeadersBuildPhase section */
		F02A9F3C18F324C1008145C2 /* Headers */ = {
			isa = PBXHeadersBuildPhase;
			buildActionMask = 2147483647;
			files = (
				F057A7E018F5CFC000636C2E /* Game.hpp in Headers */,
				F057A7E518F5CFC000636C2E /* ItemGenerator.hpp in Headers */,
				F057A7E218F5CFC000636C2E /* GameFactory.hpp in Headers */,
				F057A7E718F5CFC000636C2E /* Location.hpp in Headers */,
				F057A7E818F5CFC000636C2E /* StdItemGenerator.hpp in Headers */,
				F057A7DE18F5CFC000636C2E /* Board.hpp in Headers */,
				F057A7E318F5CFC000636C2E /* GameLogic.hpp in Headers */,
				F057A7E618F5CFC000636C2E /* ItemId.hpp in Headers */,
				F057A7E418F5CFC000636C2E /* GameObserver.hpp in Headers */,
			);
			runOnlyForDeploymentPostprocessing = 0;
		};
		F02A9F5918F35056008145C2 /* Headers */ = {
			isa = PBXHeadersBuildPhase;
			buildActionMask = 2147483647;
			files = (
				F057A7F318F5D1DF00636C2E /* gtest.h in Headers */,
				F057A7F218F5D1DF00636C2E /* gmock.h in Headers */,
			);
			runOnlyForDeploymentPostprocessing = 0;
		};
		F02A9F6318F454C7008145C2 /* Headers */ = {
			isa = PBXHeadersBuildPhase;
			buildActionMask = 2147483647;
			files = (
				F02A9F6D18F45525008145C2 /* GameRunner.hpp in Headers */,
			);
			runOnlyForDeploymentPostprocessing = 0;
		};
		F02A9F7518F45DFE008145C2 /* Headers */ = {
			isa = PBXHeadersBuildPhase;
			buildActionMask = 2147483647;
			files = (
				F057A7C218F5CD1300636C2E /* EventDispatcher.hpp in Headers */,
				F057A7C318F5CD1300636C2E /* FrameUpdateListener.hpp in Headers */,
				F057A7C418F5CD1300636C2E /* MouseEventListener.hpp in Headers */,
				F057A7C818F5CD1300636C2E /* Position.hpp in Headers */,
				F057A7C118F5CD1300636C2E /* BoardView.hpp in Headers */,
				F057A7C718F5CD1300636C2E /* MouseItemSwapper.hpp in Headers */,
				F057A7C918F5CD1300636C2E /* Sprite.hpp in Headers */,
				F057A7CC18F5CD1300636C2E /* StaticBoardView.hpp in Headers */,
			);
			runOnlyForDeploymentPostprocessing = 0;
		};
/* End PBXHeadersBuildPhase section */

/* Begin PBXNativeTarget section */
		F02A9EC718F1FA15008145C2 /* Candies */ = {
			isa = PBXNativeTarget;
			buildConfigurationList = F02A9EF918F1FA15008145C2 /* Build configuration list for PBXNativeTarget "Candies" */;
			buildPhases = (
				F02A9EC418F1FA15008145C2 /* Sources */,
				F02A9EC518F1FA15008145C2 /* Frameworks */,
				F02A9EC618F1FA15008145C2 /* Resources */,
				F02A9F0818F1FB2E008145C2 /* Copy Frameworks */,
			);
			buildRules = (
			);
			dependencies = (
			);
			name = Candies;
			productName = Candies;
			productReference = F02A9EC818F1FA15008145C2 /* Candies.app */;
			productType = "com.apple.product-type.application";
		};
		F02A9F1218F1FF65008145C2 /* CandiesTest */ = {
			isa = PBXNativeTarget;
			buildConfigurationList = F02A9F1918F1FF65008145C2 /* Build configuration list for PBXNativeTarget "CandiesTest" */;
			buildPhases = (
				F02A9F0F18F1FF65008145C2 /* Sources */,
				F02A9F1018F1FF65008145C2 /* Frameworks */,
				F02A9F1118F1FF65008145C2 /* CopyFiles */,
			);
			buildRules = (
			);
			dependencies = (
			);
			name = CandiesTest;
			productName = CandiesTest;
			productReference = F02A9F1318F1FF65008145C2 /* CandiesTest */;
			productType = "com.apple.product-type.tool";
		};
		F02A9F3D18F324C1008145C2 /* GameCore */ = {
			isa = PBXNativeTarget;
			buildConfigurationList = F02A9F3F18F324C1008145C2 /* Build configuration list for PBXNativeTarget "GameCore" */;
			buildPhases = (
				F02A9F3A18F324C1008145C2 /* Sources */,
				F02A9F3B18F324C1008145C2 /* Frameworks */,
				F02A9F3C18F324C1008145C2 /* Headers */,
			);
			buildRules = (
			);
			dependencies = (
			);
			name = GameCore;
			productName = GameCore;
			productReference = F02A9F3E18F324C1008145C2 /* libGameCore.a */;
			productType = "com.apple.product-type.library.static";
		};
		F02A9F5A18F35056008145C2 /* GoogleMock */ = {
			isa = PBXNativeTarget;
			buildConfigurationList = F02A9F5C18F35056008145C2 /* Build configuration list for PBXNativeTarget "GoogleMock" */;
			buildPhases = (
				F02A9F5718F35056008145C2 /* Sources */,
				F02A9F5818F35056008145C2 /* Frameworks */,
				F02A9F5918F35056008145C2 /* Headers */,
			);
			buildRules = (
			);
			dependencies = (
			);
			name = GoogleMock;
			productName = GoogleMock;
			productReference = F02A9F5B18F35056008145C2 /* libGoogleMock.a */;
			productType = "com.apple.product-type.library.static";
		};
		F02A9F6418F454C7008145C2 /* GameRunner */ = {
			isa = PBXNativeTarget;
			buildConfigurationList = F02A9F6618F454C7008145C2 /* Build configuration list for PBXNativeTarget "GameRunner" */;
			buildPhases = (
				F02A9F6118F454C7008145C2 /* Sources */,
				F02A9F6218F454C7008145C2 /* Frameworks */,
				F02A9F6318F454C7008145C2 /* Headers */,
			);
			buildRules = (
			);
			dependencies = (
			);
			name = GameRunner;
			productName = GameRunner;
			productReference = F02A9F6518F454C7008145C2 /* libGameRunner.a */;
			productType = "com.apple.product-type.library.static";
		};
		F02A9F7618F45DFE008145C2 /* GameUI */ = {
			isa = PBXNativeTarget;
			buildConfigurationList = F02A9F7818F45DFE008145C2 /* Build configuration list for PBXNativeTarget "GameUI" */;
			buildPhases = (
				F02A9F7318F45DFE008145C2 /* Sources */,
				F02A9F7418F45DFE008145C2 /* Frameworks */,
				F02A9F7518F45DFE008145C2 /* Headers */,
			);
			buildRules = (
			);
			dependencies = (
			);
			name = GameUI;
			productName = GameUI;
			productReference = F02A9F7718F45DFE008145C2 /* libGameUI.a */;
			productType = "com.apple.product-type.library.static";
		};
/* End PBXNativeTarget section */

/* Begin PBXProject section */
		F02A9EC018F1FA14008145C2 /* Project object */ = {
			isa = PBXProject;
			attributes = {
				LastUpgradeCheck = 0510;
				ORGANIZATIONNAME = "Rafal Przywarski";
			};
			buildConfigurationList = F02A9EC318F1FA14008145C2 /* Build configuration list for PBXProject "Candies" */;
			compatibilityVersion = "Xcode 3.2";
			developmentRegion = English;
			hasScannedForEncodings = 0;
			knownRegions = (
				en,
				Base,
			);
			mainGroup = F02A9EBF18F1FA14008145C2;
			productRefGroup = F02A9EC918F1FA15008145C2 /* Products */;
			projectDirPath = "";
			projectRoot = "";
			targets = (
				F02A9EC718F1FA15008145C2 /* Candies */,
				F02A9F1218F1FF65008145C2 /* CandiesTest */,
				F02A9F3D18F324C1008145C2 /* GameCore */,
				F02A9F5A18F35056008145C2 /* GoogleMock */,
				F02A9F6418F454C7008145C2 /* GameRunner */,
				F02A9F7618F45DFE008145C2 /* GameUI */,
			);
		};
/* End PBXProject section */

/* Begin PBXResourcesBuildPhase section */
		F02A9EC618F1FA15008145C2 /* Resources */ = {
			isa = PBXResourcesBuildPhase;
			buildActionMask = 2147483647;
			files = (
				F057A7B218F5C03800636C2E /* Selected.png in Resources */,
				F0B4499718F4ABC0006C6405 /* Blue.png in Resources */,
				F0B4499918F4ABC0006C6405 /* Purple.png in Resources */,
				F0B4499818F4ABC0006C6405 /* Green.png in Resources */,
				F0B4499B18F4ABC0006C6405 /* Yellow.png in Resources */,
				F0B4499A18F4ABC0006C6405 /* Red.png in Resources */,
				F02A9ED618F1FA15008145C2 /* InfoPlist.strings in Resources */,
				F02A9F0C18F1FCEE008145C2 /* BackGround.jpg in Resources */,
			);
			runOnlyForDeploymentPostprocessing = 0;
		};
/* End PBXResourcesBuildPhase section */

/* Begin PBXSourcesBuildPhase section */
		F02A9EC418F1FA15008145C2 /* Sources */ = {
			isa = PBXSourcesBuildPhase;
			buildActionMask = 2147483647;
			files = (
				F0B4498A18F4A3BD006C6405 /* GameRunnerFactory.cpp in Sources */,
				F057A81718F5D4BC00636C2E /* SDLSprite.cpp in Sources */,
				F057A81618F5D4BC00636C2E /* SDLRendererFactory.cpp in Sources */,
				F057A7CA18F5CD1300636C2E /* StaticBoardView.cpp in Sources */,
				F057A81318F5D4BC00636C2E /* ResourcePath.mm in Sources */,
				F02A9F0218F1FAC3008145C2 /* main.cpp in Sources */,
				F057A7C518F5CD1300636C2E /* MouseItemSwapper.cpp in Sources */,
				F057A81518F5D4BC00636C2E /* SDLGameUI.cpp in Sources */,
				F057A81418F5D4BC00636C2E /* SDLEventDispatcher.cpp in Sources */,
			);
			runOnlyForDeploymentPostprocessing = 0;
		};
		F02A9F0F18F1FF65008145C2 /* Sources */ = {
			isa = PBXSourcesBuildPhase;
			buildActionMask = 2147483647;
			files = (
				F057A80618F5D38A00636C2E /* MouseItemSwapperTest.cpp in Sources */,
				F057A80718F5D38A00636C2E /* StaticBoardViewTest.cpp in Sources */,
				F057A80318F5D38A00636C2E /* BoardTest.cpp in Sources */,
				F02A9F1618F1FF65008145C2 /* main.cpp in Sources */,
				F057A80418F5D38A00636C2E /* GameTest.cpp in Sources */,
				F057A80518F5D38A00636C2E /* GameRunnerTest.cpp in Sources */,
			);
			runOnlyForDeploymentPostprocessing = 0;
		};
		F02A9F3A18F324C1008145C2 /* Sources */ = {
			isa = PBXSourcesBuildPhase;
			buildActionMask = 2147483647;
			files = (
				F057A7E118F5CFC000636C2E /* GameFactory.cpp in Sources */,
				F057A7DF18F5CFC000636C2E /* Game.cpp in Sources */,
			);
			runOnlyForDeploymentPostprocessing = 0;
		};
		F02A9F5718F35056008145C2 /* Sources */ = {
			isa = PBXSourcesBuildPhase;
			buildActionMask = 2147483647;
			files = (
				F057A7F418F5D1DF00636C2E /* gmock-gtest-all.cc in Sources */,
			);
			runOnlyForDeploymentPostprocessing = 0;
		};
		F02A9F6118F454C7008145C2 /* Sources */ = {
			isa = PBXSourcesBuildPhase;
			buildActionMask = 2147483647;
			files = (
				F02A9F6C18F45525008145C2 /* GameRunner.cpp in Sources */,
			);
			runOnlyForDeploymentPostprocessing = 0;
		};
		F02A9F7318F45DFE008145C2 /* Sources */ = {
			isa = PBXSourcesBuildPhase;
			buildActionMask = 2147483647;
			files = (
				F057A7C618F5CD1300636C2E /* MouseItemSwapper.cpp in Sources */,
				F057A7CB18F5CD1300636C2E /* StaticBoardView.cpp in Sources */,
			);
			runOnlyForDeploymentPostprocessing = 0;
		};
/* End PBXSourcesBuildPhase section */

/* Begin PBXVariantGroup section */
		F02A9ED418F1FA15008145C2 /* InfoPlist.strings */ = {
			isa = PBXVariantGroup;
			children = (
				F02A9ED518F1FA15008145C2 /* en */,
			);
			name = InfoPlist.strings;
			sourceTree = "<group>";
		};
/* End PBXVariantGroup section */

/* Begin XCBuildConfiguration section */
		F02A9EF718F1FA15008145C2 /* Debug */ = {
			isa = XCBuildConfiguration;
			buildSettings = {
				ALWAYS_SEARCH_USER_PATHS = NO;
				CLANG_CXX_LANGUAGE_STANDARD = "gnu++0x";
				CLANG_CXX_LIBRARY = "libc++";
				CLANG_ENABLE_MODULES = YES;
				CLANG_ENABLE_OBJC_ARC = YES;
				CLANG_WARN_BOOL_CONVERSION = YES;
				CLANG_WARN_CONSTANT_CONVERSION = YES;
				CLANG_WARN_DIRECT_OBJC_ISA_USAGE = YES_ERROR;
				CLANG_WARN_EMPTY_BODY = YES;
				CLANG_WARN_ENUM_CONVERSION = YES;
				CLANG_WARN_INT_CONVERSION = YES;
				CLANG_WARN_OBJC_ROOT_CLASS = YES_ERROR;
				CLANG_WARN__DUPLICATE_METHOD_MATCH = YES;
				COPY_PHASE_STRIP = NO;
				GCC_C_LANGUAGE_STANDARD = gnu99;
				GCC_DYNAMIC_NO_PIC = NO;
				GCC_ENABLE_OBJC_EXCEPTIONS = YES;
				GCC_OPTIMIZATION_LEVEL = 0;
				GCC_PREPROCESSOR_DEFINITIONS = (
					"DEBUG=1",
					"$(inherited)",
				);
				GCC_SYMBOLS_PRIVATE_EXTERN = NO;
				GCC_WARN_64_TO_32_BIT_CONVERSION = YES;
				GCC_WARN_ABOUT_RETURN_TYPE = YES_ERROR;
				GCC_WARN_UNDECLARED_SELECTOR = YES;
				GCC_WARN_UNINITIALIZED_AUTOS = YES_AGGRESSIVE;
				GCC_WARN_UNUSED_FUNCTION = YES;
				GCC_WARN_UNUSED_VARIABLE = YES;
				MACOSX_DEPLOYMENT_TARGET = 10.9;
				ONLY_ACTIVE_ARCH = YES;
				SDKROOT = macosx;
			};
			name = Debug;
		};
		F02A9EF818F1FA15008145C2 /* Release */ = {
			isa = XCBuildConfiguration;
			buildSettings = {
				ALWAYS_SEARCH_USER_PATHS = NO;
				CLANG_CXX_LANGUAGE_STANDARD = "gnu++0x";
				CLANG_CXX_LIBRARY = "libc++";
				CLANG_ENABLE_MODULES = YES;
				CLANG_ENABLE_OBJC_ARC = YES;
				CLANG_WARN_BOOL_CONVERSION = YES;
				CLANG_WARN_CONSTANT_CONVERSION = YES;
				CLANG_WARN_DIRECT_OBJC_ISA_USAGE = YES_ERROR;
				CLANG_WARN_EMPTY_BODY = YES;
				CLANG_WARN_ENUM_CONVERSION = YES;
				CLANG_WARN_INT_CONVERSION = YES;
				CLANG_WARN_OBJC_ROOT_CLASS = YES_ERROR;
				CLANG_WARN__DUPLICATE_METHOD_MATCH = YES;
				COPY_PHASE_STRIP = YES;
				DEBUG_INFORMATION_FORMAT = "dwarf-with-dsym";
				ENABLE_NS_ASSERTIONS = NO;
				GCC_C_LANGUAGE_STANDARD = gnu99;
				GCC_ENABLE_OBJC_EXCEPTIONS = YES;
				GCC_WARN_64_TO_32_BIT_CONVERSION = YES;
				GCC_WARN_ABOUT_RETURN_TYPE = YES_ERROR;
				GCC_WARN_UNDECLARED_SELECTOR = YES;
				GCC_WARN_UNINITIALIZED_AUTOS = YES_AGGRESSIVE;
				GCC_WARN_UNUSED_FUNCTION = YES;
				GCC_WARN_UNUSED_VARIABLE = YES;
				MACOSX_DEPLOYMENT_TARGET = 10.9;
				SDKROOT = macosx;
			};
			name = Release;
		};
		F02A9EFA18F1FA15008145C2 /* Debug */ = {
			isa = XCBuildConfiguration;
			buildSettings = {
				ASSETCATALOG_COMPILER_APPICON_NAME = AppIcon;
				COMBINE_HIDPI_IMAGES = YES;
				FRAMEWORK_SEARCH_PATHS = (
					"$(inherited)",
					"$(PROJECT_DIR)/Frameworks",
				);
				GCC_PRECOMPILE_PREFIX_HEADER = NO;
				GCC_PREFIX_HEADER = "";
				GCC_TREAT_WARNINGS_AS_ERRORS = YES;
				GCC_WARN_PEDANTIC = YES;
				HEADER_SEARCH_PATHS = (
					"$(inherited)",
					/Applications/Xcode.app/Contents/Developer/Toolchains/XcodeDefault.xctoolchain/usr/include,
					"$(SRCROOT)",
				);
				INFOPLIST_FILE = "Candies/Candies-Info.plist";
				LD_RUNPATH_SEARCH_PATHS = "@loader_path/../Frameworks";
				PRODUCT_NAME = "$(TARGET_NAME)";
				WRAPPER_EXTENSION = app;
			};
			name = Debug;
		};
		F02A9EFB18F1FA15008145C2 /* Release */ = {
			isa = XCBuildConfiguration;
			buildSettings = {
				ASSETCATALOG_COMPILER_APPICON_NAME = AppIcon;
				COMBINE_HIDPI_IMAGES = YES;
				FRAMEWORK_SEARCH_PATHS = (
					"$(inherited)",
					"$(PROJECT_DIR)/Frameworks",
				);
				GCC_PRECOMPILE_PREFIX_HEADER = NO;
				GCC_PREFIX_HEADER = "";
				GCC_TREAT_WARNINGS_AS_ERRORS = YES;
				GCC_WARN_PEDANTIC = YES;
				HEADER_SEARCH_PATHS = (
					"$(inherited)",
					/Applications/Xcode.app/Contents/Developer/Toolchains/XcodeDefault.xctoolchain/usr/include,
					"$(SRCROOT)",
				);
				INFOPLIST_FILE = "Candies/Candies-Info.plist";
				LD_RUNPATH_SEARCH_PATHS = "@loader_path/../Frameworks";
				PRODUCT_NAME = "$(TARGET_NAME)";
				WRAPPER_EXTENSION = app;
			};
			name = Release;
		};
		F02A9F1A18F1FF65008145C2 /* Debug */ = {
			isa = XCBuildConfiguration;
			buildSettings = {
				GCC_PREPROCESSOR_DEFINITIONS = (
					"DEBUG=1",
					"$(inherited)",
				);
				GCC_TREAT_WARNINGS_AS_ERRORS = NO;
				GCC_WARN_PEDANTIC = YES;
				HEADER_SEARCH_PATHS = (
					"$(inherited)",
					/Applications/Xcode.app/Contents/Developer/Toolchains/XcodeDefault.xctoolchain/usr/include,
					"\"$(SRCROOT)/Libraries/GoogleMock/include\"",
					"\"$(SRCROOT)\"",
				);
				PRODUCT_NAME = "$(TARGET_NAME)";
			};
			name = Debug;
		};
		F02A9F1B18F1FF65008145C2 /* Release */ = {
			isa = XCBuildConfiguration;
			buildSettings = {
				GCC_TREAT_WARNINGS_AS_ERRORS = NO;
				GCC_WARN_PEDANTIC = YES;
				HEADER_SEARCH_PATHS = (
					"$(inherited)",
					/Applications/Xcode.app/Contents/Developer/Toolchains/XcodeDefault.xctoolchain/usr/include,
					"\"$(SRCROOT)/Libraries/GoogleMock/include\"",
					"\"$(SRCROOT)\"",
				);
				PRODUCT_NAME = "$(TARGET_NAME)";
			};
			name = Release;
		};
		F02A9F4018F324C1008145C2 /* Debug */ = {
			isa = XCBuildConfiguration;
			buildSettings = {
				CLANG_WARN_IMPLICIT_SIGN_CONVERSION = YES;
				EXECUTABLE_PREFIX = lib;
				GCC_PREPROCESSOR_DEFINITIONS = (
					"DEBUG=1",
					"$(inherited)",
				);
				GCC_WARN_INHIBIT_ALL_WARNINGS = NO;
				GCC_WARN_PEDANTIC = YES;
				PRODUCT_NAME = "$(TARGET_NAME)";
			};
			name = Debug;
		};
		F02A9F4118F324C1008145C2 /* Release */ = {
			isa = XCBuildConfiguration;
			buildSettings = {
				CLANG_WARN_IMPLICIT_SIGN_CONVERSION = YES;
				EXECUTABLE_PREFIX = lib;
				GCC_WARN_INHIBIT_ALL_WARNINGS = NO;
				GCC_WARN_PEDANTIC = YES;
				PRODUCT_NAME = "$(TARGET_NAME)";
			};
			name = Release;
		};
		F02A9F5D18F35056008145C2 /* Debug */ = {
			isa = XCBuildConfiguration;
			buildSettings = {
				EXECUTABLE_PREFIX = lib;
				GCC_PREPROCESSOR_DEFINITIONS = (
					"DEBUG=1",
					"$(inherited)",
				);
				GCC_WARN_INHIBIT_ALL_WARNINGS = YES;
				HEADER_SEARCH_PATHS = (
					"$(inherited)",
					/Applications/Xcode.app/Contents/Developer/Toolchains/XcodeDefault.xctoolchain/usr/include,
					"\"$(SRCROOT)/Libraries/GoogleMock/include\"",
				);
				PRODUCT_NAME = "$(TARGET_NAME)";
			};
			name = Debug;
		};
		F02A9F5E18F35056008145C2 /* Release */ = {
			isa = XCBuildConfiguration;
			buildSettings = {
				EXECUTABLE_PREFIX = lib;
				GCC_WARN_INHIBIT_ALL_WARNINGS = YES;
				HEADER_SEARCH_PATHS = (
					"$(inherited)",
					/Applications/Xcode.app/Contents/Developer/Toolchains/XcodeDefault.xctoolchain/usr/include,
					"\"$(SRCROOT)/Libraries/GoogleMock/include\"",
				);
				PRODUCT_NAME = "$(TARGET_NAME)";
			};
			name = Release;
		};
		F02A9F6718F454C7008145C2 /* Debug */ = {
			isa = XCBuildConfiguration;
			buildSettings = {
				EXECUTABLE_PREFIX = lib;
				GCC_PREPROCESSOR_DEFINITIONS = (
					"DEBUG=1",
					"$(inherited)",
				);
				HEADER_SEARCH_PATHS = (
					"$(inherited)",
					/Applications/Xcode.app/Contents/Developer/Toolchains/XcodeDefault.xctoolchain/usr/include,
					"\"$(SRCROOT)\"",
				);
				PRODUCT_NAME = "$(TARGET_NAME)";
			};
			name = Debug;
		};
		F02A9F6818F454C7008145C2 /* Release */ = {
			isa = XCBuildConfiguration;
			buildSettings = {
				EXECUTABLE_PREFIX = lib;
				HEADER_SEARCH_PATHS = (
					"$(inherited)",
					/Applications/Xcode.app/Contents/Developer/Toolchains/XcodeDefault.xctoolchain/usr/include,
					"\"$(SRCROOT)\"",
				);
				PRODUCT_NAME = "$(TARGET_NAME)";
			};
			name = Release;
		};
		F02A9F7918F45DFE008145C2 /* Debug */ = {
			isa = XCBuildConfiguration;
			buildSettings = {
				EXECUTABLE_PREFIX = lib;
				FRAMEWORK_SEARCH_PATHS = (
					"$(inherited)",
					"$(PROJECT_DIR)/Frameworks",
				);
				GCC_PREPROCESSOR_DEFINITIONS = (
					"DEBUG=1",
					"$(inherited)",
				);
				HEADER_SEARCH_PATHS = (
					"$(inherited)",
					/Applications/Xcode.app/Contents/Developer/Toolchains/XcodeDefault.xctoolchain/usr/include,
					"$(SRCROOT)",
				);
				PRODUCT_NAME = "$(TARGET_NAME)";
			};
			name = Debug;
		};
		F02A9F7A18F45DFE008145C2 /* Release */ = {
			isa = XCBuildConfiguration;
			buildSettings = {
				EXECUTABLE_PREFIX = lib;
				FRAMEWORK_SEARCH_PATHS = (
					"$(inherited)",
					"$(PROJECT_DIR)/Frameworks",
				);
				HEADER_SEARCH_PATHS = (
					"$(inherited)",
					/Applications/Xcode.app/Contents/Developer/Toolchains/XcodeDefault.xctoolchain/usr/include,
					"$(SRCROOT)",
				);
				PRODUCT_NAME = "$(TARGET_NAME)";
			};
			name = Release;
		};
/* End XCBuildConfiguration section */

/* Begin XCConfigurationList section */
		F02A9EC318F1FA14008145C2 /* Build configuration list for PBXProject "Candies" */ = {
			isa = XCConfigurationList;
			buildConfigurations = (
				F02A9EF718F1FA15008145C2 /* Debug */,
				F02A9EF818F1FA15008145C2 /* Release */,
			);
			defaultConfigurationIsVisible = 0;
			defaultConfigurationName = Release;
		};
		F02A9EF918F1FA15008145C2 /* Build configuration list for PBXNativeTarget "Candies" */ = {
			isa = XCConfigurationList;
			buildConfigurations = (
				F02A9EFA18F1FA15008145C2 /* Debug */,
				F02A9EFB18F1FA15008145C2 /* Release */,
			);
			defaultConfigurationIsVisible = 0;
			defaultConfigurationName = Release;
		};
		F02A9F1918F1FF65008145C2 /* Build configuration list for PBXNativeTarget "CandiesTest" */ = {
			isa = XCConfigurationList;
			buildConfigurations = (
				F02A9F1A18F1FF65008145C2 /* Debug */,
				F02A9F1B18F1FF65008145C2 /* Release */,
			);
			defaultConfigurationIsVisible = 0;
			defaultConfigurationName = Release;
		};
		F02A9F3F18F324C1008145C2 /* Build configuration list for PBXNativeTarget "GameCore" */ = {
			isa = XCConfigurationList;
			buildConfigurations = (
				F02A9F4018F324C1008145C2 /* Debug */,
				F02A9F4118F324C1008145C2 /* Release */,
			);
			defaultConfigurationIsVisible = 0;
			defaultConfigurationName = Release;
		};
		F02A9F5C18F35056008145C2 /* Build configuration list for PBXNativeTarget "GoogleMock" */ = {
			isa = XCConfigurationList;
			buildConfigurations = (
				F02A9F5D18F35056008145C2 /* Debug */,
				F02A9F5E18F35056008145C2 /* Release */,
			);
			defaultConfigurationIsVisible = 0;
			defaultConfigurationName = Release;
		};
		F02A9F6618F454C7008145C2 /* Build configuration list for PBXNativeTarget "GameRunner" */ = {
			isa = XCConfigurationList;
			buildConfigurations = (
				F02A9F6718F454C7008145C2 /* Debug */,
				F02A9F6818F454C7008145C2 /* Release */,
			);
			defaultConfigurationIsVisible = 0;
			defaultConfigurationName = Release;
		};
		F02A9F7818F45DFE008145C2 /* Build configuration list for PBXNativeTarget "GameUI" */ = {
			isa = XCConfigurationList;
			buildConfigurations = (
				F02A9F7918F45DFE008145C2 /* Debug */,
				F02A9F7A18F45DFE008145C2 /* Release */,
			);
			defaultConfigurationIsVisible = 0;
			defaultConfigurationName = Release;
		};
/* End XCConfigurationList section */
	};
	rootObject = F02A9EC018F1FA14008145C2 /* Project object */;
}
